{
  "name": "Setor",
  "lockfileVersion": 2,
  "requires": true,
  "packages": {
    "": {
      "dependencies": {
        "setor": "^1.0.1"
      }
    },
    "node_modules/setor": {
      "version": "1.0.1",
      "resolved": "https://registry.npmjs.org/setor/-/setor-1.0.1.tgz",
      "integrity": "sha512-atZGIVksnhfFqSCcnVMoEooBW8ZAj88cKeEEwoxiu6i13OttoZ78o7OAfddOtNBVfqbCAntSCNMPu1VJqGeC/A=="
    }
  },
  "dependencies": {
    "setor": {
      "version": "1.0.1",
      "resolved": "https://registry.npmjs.org/setor/-/setor-1.0.1.tgz",
      "integrity": "sha512-atZGIVksnhfFqSCcnVMoEooBW8ZAj88cKeEEwoxiu6i13OttoZ78o7OAfddOtNBVfqbCAntSCNMPu1VJqGeC/A=="
    }
  }
}
